
Microsoft Visual Studio Solution File, Format Version 12.00
# Visual Studio Version 17
VisualStudioVersion = 17.0.32014.148
MinimumVisualStudioVersion = 10.0.40219.1
Project("{9A19103F-16F7-4668-BE54-9A1E7A4F7556}") = "CodeNet.EntityFramework", "src\CodeNet.EntityFramework\CodeNet.EntityFramework.csproj", "{3ABB7B53-78F2-4E84-957F-3A1D4CD3DF9C}"
EndProject
Project("{9A19103F-16F7-4668-BE54-9A1E7A4F7556}") = "CodeNet.MongoDB", "src\CodeNet.MongoDB\CodeNet.MongoDB.csproj", "{32C1FEED-124B-47F1-B014-131A4F7F4CBD}"
EndProject
Project("{9A19103F-16F7-4668-BE54-9A1E7A4F7556}") = "CodeNet.Core", "src\CodeNet.Core\CodeNet.Core.csproj", "{8CCB42BD-42CA-41BD-BA83-725E356399E9}"
EndProject
Project("{9A19103F-16F7-4668-BE54-9A1E7A4F7556}") = "CodeNet.Logging", "src\CodeNet.Logging\CodeNet.Logging.csproj", "{73F8948D-3539-4408-B44F-F9A9D562AA62}"
EndProject
Project("{9A19103F-16F7-4668-BE54-9A1E7A4F7556}") = "CodeNet.ExceptionHandling", "src\CodeNet.ExceptionHandling\CodeNet.ExceptionHandling.csproj", "{1C1C7D61-5D95-44FE-B433-D0E815393946}"
EndProject
Project("{9A19103F-16F7-4668-BE54-9A1E7A4F7556}") = "CodeNet.Redis", "src\CodeNet.Redis\CodeNet.Redis.csproj", "{2A317D4E-87AA-4EB2-B018-A1919C922ADE}"
EndProject
Project("{9A19103F-16F7-4668-BE54-9A1E7A4F7556}") = "CodeNet.RabbitMQ", "src\CodeNet.RabbitMQ\CodeNet.RabbitMQ.csproj", "{77D325B4-6838-405E-94C4-97F4CC3A58AB}"
EndProject
Project("{2150E333-8FDC-42A3-9474-1A3956D46DE8}") = "test", "test", "{15230BF4-2524-43B5-9759-89F96C6C3A19}"
EndProject
Project("{2150E333-8FDC-42A3-9474-1A3956D46DE8}") = "src", "src", "{F9D2337D-93EE-4E04-80E8-E98B4E1FC9B6}"
EndProject
Project("{9A19103F-16F7-4668-BE54-9A1E7A4F7556}") = "CodeNet.Repository.Tests", "test\CodeNet.Repository.Tests\CodeNet.Repository.Tests.csproj", "{EC50343E-5A0F-4D20-85E5-5911F9F60046}"
EndProject
Project("{9A19103F-16F7-4668-BE54-9A1E7A4F7556}") = "CodeNet.Core.Tests", "test\CodeNet.Core.Tests\CodeNet.Core.Tests.csproj", "{BC8D3FB8-D5E4-46C0-A526-D4D36A1EC84C}"
EndProject
Project("{9A19103F-16F7-4668-BE54-9A1E7A4F7556}") = "CodeNet.Elasticsearch", "src\CodeNet.Elasticsearch\CodeNet.Elasticsearch.csproj", "{D05F5506-743D-49D4-803D-0D250210BE06}"
EndProject
Project("{2150E333-8FDC-42A3-9474-1A3956D46DE8}") = "sql", "sql", "{0038FE54-3C71-45CD-A3AE-EA82FEB03CFC}"
	ProjectSection(SolutionItems) = preProject
		CodeNet.sql = CodeNet.sql
	EndProjectSection
EndProject
Project("{9A19103F-16F7-4668-BE54-9A1E7A4F7556}") = "CodeNet.Mapper", "src\CodeNet.Mapper\CodeNet.Mapper.csproj", "{627A6CF8-5A0F-4404-B7B6-3C6BEBD59036}"
EndProject
Project("{9A19103F-16F7-4668-BE54-9A1E7A4F7556}") = "CodeNet.Identity", "src\CodeNet.Identity\CodeNet.Identity.csproj", "{6697C4A1-C702-4F79-A26A-0ACC4C436089}"
EndProject
Project("{9A19103F-16F7-4668-BE54-9A1E7A4F7556}") = "CodeNet.EntityFramework.InMemory", "src\CodeNet.EntityFramework.InMemory\CodeNet.EntityFramework.InMemory.csproj", "{E6224803-9B44-4393-AB45-6944B681698B}"
EndProject
Project("{9A19103F-16F7-4668-BE54-9A1E7A4F7556}") = "CodeNet.EntityFramework.PostgreSQL", "src\CodeNet.EntityFramework.PostgreSQL\CodeNet.EntityFramework.PostgreSQL.csproj", "{C946CBE7-1DA5-4768-AFF7-13DEFA1BD756}"
EndProject
Project("{9A19103F-16F7-4668-BE54-9A1E7A4F7556}") = "CodeNet.EntityFramework.MySQL", "src\CodeNet.EntityFramework.MySQL\CodeNet.EntityFramework.MySQL.csproj", "{CACF57E0-955E-47D2-BE5B-42B452CA0092}"
EndProject
Project("{9A19103F-16F7-4668-BE54-9A1E7A4F7556}") = "CodeNet.EntityFramework.Oracle", "src\CodeNet.EntityFramework.Oracle\CodeNet.EntityFramework.Oracle.csproj", "{AD33BD55-4F0A-48DE-9820-467BDCD2CC6D}"
EndProject
Project("{9A19103F-16F7-4668-BE54-9A1E7A4F7556}") = "CodeNet.EntityFramework.Sqlite", "src\CodeNet.EntityFramework.Sqlite\CodeNet.EntityFramework.Sqlite.csproj", "{77E10243-54BE-4C60-B2EC-1A8EC19705AF}"
EndProject
Project("{9A19103F-16F7-4668-BE54-9A1E7A4F7556}") = "CodeNet.HttpClient", "src\CodeNet.HttpClient\CodeNet.HttpClient.csproj", "{4CE511AB-676E-4980-91ED-993B2A68AE44}"
EndProject
Project("{9A19103F-16F7-4668-BE54-9A1E7A4F7556}") = "CodeNet.MakerChecker", "src\CodeNet.MakerChecker\CodeNet.MakerChecker.csproj", "{526310FF-0D22-4893-A4F9-6193575B03E6}"
EndProject
Project("{9A19103F-16F7-4668-BE54-9A1E7A4F7556}") = "CodeNet.MakerChecker.Tests", "test\CodeNet.MakerChecker.Tests\CodeNet.MakerChecker.Tests.csproj", "{9A02ED62-C1DA-41FD-9785-00994D7CF593}"
EndProject
Project("{9A19103F-16F7-4668-BE54-9A1E7A4F7556}") = "CodeNet.Identity.Tests", "test\CodeNet.Identity.Tests\CodeNet.Identity.Tests.csproj", "{41671F5C-845B-4D7F-B90E-51FBFD312EDC}"
EndProject
Project("{9A19103F-16F7-4668-BE54-9A1E7A4F7556}") = "CodeNet.HealthCheck", "src\CodeNet.HealthCheck\CodeNet.HealthCheck.csproj", "{D25A5F3D-297F-4F71-A63A-334BA3D36285}"
EndProject
Project("{9A19103F-16F7-4668-BE54-9A1E7A4F7556}") = "CodeNet.HealthCheck.Redis", "src\CodeNet.HealthCheck.Redis\CodeNet.HealthCheck.Redis.csproj", "{A89F24A5-2F64-490D-B18B-8F6F0E6712ED}"
EndProject
Project("{9A19103F-16F7-4668-BE54-9A1E7A4F7556}") = "CodeNet.HealthCheck.EntityFramework", "src\CodeNet.HealthCheck.EntityFramework\CodeNet.HealthCheck.EntityFramework.csproj", "{25AFD4F7-5120-4BEB-9CD2-5D92224932C8}"
EndProject
Project("{9A19103F-16F7-4668-BE54-9A1E7A4F7556}") = "CodeNet.HealthCheck.MongoDB", "src\CodeNet.HealthCheck.MongoDB\CodeNet.HealthCheck.MongoDB.csproj", "{719CF657-AD3A-41F1-A14C-D61F429C5413}"
EndProject
Project("{9A19103F-16F7-4668-BE54-9A1E7A4F7556}") = "CodeNet.HealthCheck.RabbitMQ", "src\CodeNet.HealthCheck.RabbitMQ\CodeNet.HealthCheck.RabbitMQ.csproj", "{40DF2E29-7318-4888-A9A1-1C6DB1950A0F}"
EndProject
Project("{9A19103F-16F7-4668-BE54-9A1E7A4F7556}") = "CodeNet.HealthCheck.Elasticsearch", "src\CodeNet.HealthCheck.Elasticsearch\CodeNet.HealthCheck.Elasticsearch.csproj", "{F1FC037F-52B7-40C4-8741-960453250DB3}"
EndProject
Project("{9A19103F-16F7-4668-BE54-9A1E7A4F7556}") = "CodeNet.Parameters", "src\CodeNet.Parameters\CodeNet.Parameters.csproj", "{AB8E0ACE-2BA4-4C02-9A20-88EF745CC17D}"
EndProject
Project("{9A19103F-16F7-4668-BE54-9A1E7A4F7556}") = "CodeNet.Parameters.Tests", "test\CodeNet.Parameters.Tests\CodeNet.Parameters.Tests.csproj", "{E15552DA-CA4B-4FDD-BCB1-9755CEF7DB53}"
EndProject
Project("{9A19103F-16F7-4668-BE54-9A1E7A4F7556}") = "CodeNet.Parameters.MongoDB", "src\CodeNet.Parameters.MongoDB\CodeNet.Parameters.MongoDB.csproj", "{405B6AB5-3D57-49FB-8414-FB75AFBB90E7}"
EndProject
Project("{9A19103F-16F7-4668-BE54-9A1E7A4F7556}") = "CodeNet.BackgroundJob", "src\CodeNet.BackgroundJob\CodeNet.BackgroundJob.csproj", "{C8A84D75-D341-4821-AF5C-8B364FE251C2}"
EndProject
Project("{9A19103F-16F7-4668-BE54-9A1E7A4F7556}") = "CodeNet.SignalR", "src\CodeNet.SignalR\CodeNet.SignalR.csproj", "{D4C8FC75-D463-4BEC-B525-BAE28466132F}"
EndProject
Project("{9A19103F-16F7-4668-BE54-9A1E7A4F7556}") = "CodeNet.StackExchange.Redis", "src\CodeNet.StackExchange.Redis\CodeNet.StackExchange.Redis.csproj", "{4A900609-A0FA-4A29-8FFD-40681BC4B81A}"
EndProject
Project("{9A19103F-16F7-4668-BE54-9A1E7A4F7556}") = "CodeNet.Kafka", "src\CodeNet.Kafka\CodeNet.Kafka.csproj", "{DB84F0E8-AF75-4ABF-AF63-E0C7ADC2BFDB}"
EndProject
Project("{9A19103F-16F7-4668-BE54-9A1E7A4F7556}") = "CodeNet.HealthCheck.Kafka", "src\CodeNet.HealthCheck.Kafka\CodeNet.HealthCheck.Kafka.csproj", "{405916CF-BA73-470B-B944-1AB35F382F1B}"
EndProject
Project("{9A19103F-16F7-4668-BE54-9A1E7A4F7556}") = "CodeNet.Mapper.Tests", "test\CodeNet.Mapper.Tests\CodeNet.Mapper.Tests.csproj", "{4579D5F7-EEB4-4540-BFD5-68C78CB26E4B}"
EndProject
Project("{9A19103F-16F7-4668-BE54-9A1E7A4F7556}") = "CodeNet.Outbox", "src\CodeNet.Outbox\CodeNet.Outbox.csproj", "{10DFA21B-E592-4122-8505-FBB5BB2AAB09}"
EndProject
Project("{9A19103F-16F7-4668-BE54-9A1E7A4F7556}") = "CodeNet.RabbitMQ.Outbox", "src\CodeNet.RabbitMQ.Outbox\CodeNet.RabbitMQ.Outbox.csproj", "{2960CA9C-8FB7-4834-A974-A644544C55C1}"
EndProject
Project("{9A19103F-16F7-4668-BE54-9A1E7A4F7556}") = "CodeNet.Email", "src\CodeNet.Email\CodeNet.Email.csproj", "{6CE0F174-5408-4B6E-AABC-2C0DC56B61CA}"
EndProject
Project("{9A19103F-16F7-4668-BE54-9A1E7A4F7556}") = "CodeNet.Email.Tests", "test\CodeNet.Email.Tests\CodeNet.Email.Tests.csproj", "{19381BB6-2A27-4E47-B47C-56F31BC9E1DB}"
EndProject
Project("{9A19103F-16F7-4668-BE54-9A1E7A4F7556}") = "CodeNet.Messaging", "src\CodeNet.Messaging\CodeNet.Messaging.csproj", "{4241F7B8-BACA-4288-9C1C-E84F102A2422}"
EndProject
Project("{9A19103F-16F7-4668-BE54-9A1E7A4F7556}") = "CodeNet.EventBus", "src\CodeNet.EventBus\CodeNet.EventBus.csproj", "{0BBD3B9C-CB94-4E87-A114-325F91ED9580}"
EndProject
Project("{9A19103F-16F7-4668-BE54-9A1E7A4F7556}") = "CodeNet.Socket", "src\CodeNet.Socket\CodeNet.Socket.csproj", "{AD39B257-5EC3-458A-8A62-B900147153AC}"
EndProject
Project("{9A19103F-16F7-4668-BE54-9A1E7A4F7556}") = "CodeNet.Transport", "src\CodeNet.Transport\CodeNet.Transport.csproj", "{ED92156E-3E39-47C1-8F88-B26DB274267B}"
EndProject
Project("{FAE04EC0-301F-11D3-BF4B-00C04F79EFBC}") = "CodeNet.Cryptography", "src\CodeNet.Cryptography\CodeNet.Cryptography.csproj", "{D197994C-F0B9-42AF-B01D-81686FC12A5D}"
EndProject
Project("{FAE04EC0-301F-11D3-BF4B-00C04F79EFBC}") = "CodeNet.HealthCheck.EventBus", "src\CodeNet.HealthCheck.EventBus\CodeNet.HealthCheck.EventBus.csproj", "{E3B150F6-7971-4D64-9EEE-30930C343F83}"
EndProject
Project("{FAE04EC0-301F-11D3-BF4B-00C04F79EFBC}") = "CodeNet.HealthCheck.Transport", "src\CodeNet.HealthCheck.Transport\CodeNet.HealthCheck.Transport.csproj", "{CC9D2D83-A93D-4C68-9D9C-8096EDCB1499}"
EndProject
Project("{FAE04EC0-301F-11D3-BF4B-00C04F79EFBC}") = "CodeNet.ApiHost", "src\CodeNet.ApiHost\CodeNet.ApiHost.csproj", "{5ECB821F-3284-4E72-8F77-C99B89577169}"
EndProject
Global
	GlobalSection(SolutionConfigurationPlatforms) = preSolution
		Debug|Any CPU = Debug|Any CPU
		Release|Any CPU = Release|Any CPU
	EndGlobalSection
	GlobalSection(ProjectConfigurationPlatforms) = postSolution
		{3ABB7B53-78F2-4E84-957F-3A1D4CD3DF9C}.Debug|Any CPU.ActiveCfg = Debug|Any CPU
		{3ABB7B53-78F2-4E84-957F-3A1D4CD3DF9C}.Debug|Any CPU.Build.0 = Debug|Any CPU
		{3ABB7B53-78F2-4E84-957F-3A1D4CD3DF9C}.Release|Any CPU.ActiveCfg = Release|Any CPU
		{3ABB7B53-78F2-4E84-957F-3A1D4CD3DF9C}.Release|Any CPU.Build.0 = Release|Any CPU
		{32C1FEED-124B-47F1-B014-131A4F7F4CBD}.Debug|Any CPU.ActiveCfg = Debug|Any CPU
		{32C1FEED-124B-47F1-B014-131A4F7F4CBD}.Debug|Any CPU.Build.0 = Debug|Any CPU
		{32C1FEED-124B-47F1-B014-131A4F7F4CBD}.Release|Any CPU.ActiveCfg = Release|Any CPU
		{32C1FEED-124B-47F1-B014-131A4F7F4CBD}.Release|Any CPU.Build.0 = Release|Any CPU
		{8CCB42BD-42CA-41BD-BA83-725E356399E9}.Debug|Any CPU.ActiveCfg = Debug|Any CPU
		{8CCB42BD-42CA-41BD-BA83-725E356399E9}.Debug|Any CPU.Build.0 = Debug|Any CPU
		{8CCB42BD-42CA-41BD-BA83-725E356399E9}.Release|Any CPU.ActiveCfg = Release|Any CPU
		{8CCB42BD-42CA-41BD-BA83-725E356399E9}.Release|Any CPU.Build.0 = Release|Any CPU
		{73F8948D-3539-4408-B44F-F9A9D562AA62}.Debug|Any CPU.ActiveCfg = Debug|Any CPU
		{73F8948D-3539-4408-B44F-F9A9D562AA62}.Debug|Any CPU.Build.0 = Debug|Any CPU
		{73F8948D-3539-4408-B44F-F9A9D562AA62}.Release|Any CPU.ActiveCfg = Release|Any CPU
		{73F8948D-3539-4408-B44F-F9A9D562AA62}.Release|Any CPU.Build.0 = Release|Any CPU
		{1C1C7D61-5D95-44FE-B433-D0E815393946}.Debug|Any CPU.ActiveCfg = Debug|Any CPU
		{1C1C7D61-5D95-44FE-B433-D0E815393946}.Debug|Any CPU.Build.0 = Debug|Any CPU
		{1C1C7D61-5D95-44FE-B433-D0E815393946}.Release|Any CPU.ActiveCfg = Release|Any CPU
		{1C1C7D61-5D95-44FE-B433-D0E815393946}.Release|Any CPU.Build.0 = Release|Any CPU
		{2A317D4E-87AA-4EB2-B018-A1919C922ADE}.Debug|Any CPU.ActiveCfg = Debug|Any CPU
		{2A317D4E-87AA-4EB2-B018-A1919C922ADE}.Debug|Any CPU.Build.0 = Debug|Any CPU
		{2A317D4E-87AA-4EB2-B018-A1919C922ADE}.Release|Any CPU.ActiveCfg = Release|Any CPU
		{2A317D4E-87AA-4EB2-B018-A1919C922ADE}.Release|Any CPU.Build.0 = Release|Any CPU
		{77D325B4-6838-405E-94C4-97F4CC3A58AB}.Debug|Any CPU.ActiveCfg = Debug|Any CPU
		{77D325B4-6838-405E-94C4-97F4CC3A58AB}.Debug|Any CPU.Build.0 = Debug|Any CPU
		{77D325B4-6838-405E-94C4-97F4CC3A58AB}.Release|Any CPU.ActiveCfg = Release|Any CPU
		{77D325B4-6838-405E-94C4-97F4CC3A58AB}.Release|Any CPU.Build.0 = Release|Any CPU
		{EC50343E-5A0F-4D20-85E5-5911F9F60046}.Debug|Any CPU.ActiveCfg = Debug|Any CPU
		{EC50343E-5A0F-4D20-85E5-5911F9F60046}.Debug|Any CPU.Build.0 = Debug|Any CPU
		{EC50343E-5A0F-4D20-85E5-5911F9F60046}.Release|Any CPU.ActiveCfg = Release|Any CPU
		{EC50343E-5A0F-4D20-85E5-5911F9F60046}.Release|Any CPU.Build.0 = Release|Any CPU
		{BC8D3FB8-D5E4-46C0-A526-D4D36A1EC84C}.Debug|Any CPU.ActiveCfg = Debug|Any CPU
		{BC8D3FB8-D5E4-46C0-A526-D4D36A1EC84C}.Debug|Any CPU.Build.0 = Debug|Any CPU
		{BC8D3FB8-D5E4-46C0-A526-D4D36A1EC84C}.Release|Any CPU.ActiveCfg = Release|Any CPU
		{BC8D3FB8-D5E4-46C0-A526-D4D36A1EC84C}.Release|Any CPU.Build.0 = Release|Any CPU
		{D05F5506-743D-49D4-803D-0D250210BE06}.Debug|Any CPU.ActiveCfg = Debug|Any CPU
		{D05F5506-743D-49D4-803D-0D250210BE06}.Debug|Any CPU.Build.0 = Debug|Any CPU
		{D05F5506-743D-49D4-803D-0D250210BE06}.Release|Any CPU.ActiveCfg = Release|Any CPU
		{D05F5506-743D-49D4-803D-0D250210BE06}.Release|Any CPU.Build.0 = Release|Any CPU
		{627A6CF8-5A0F-4404-B7B6-3C6BEBD59036}.Debug|Any CPU.ActiveCfg = Debug|Any CPU
		{627A6CF8-5A0F-4404-B7B6-3C6BEBD59036}.Debug|Any CPU.Build.0 = Debug|Any CPU
		{627A6CF8-5A0F-4404-B7B6-3C6BEBD59036}.Release|Any CPU.ActiveCfg = Release|Any CPU
		{627A6CF8-5A0F-4404-B7B6-3C6BEBD59036}.Release|Any CPU.Build.0 = Release|Any CPU
		{6697C4A1-C702-4F79-A26A-0ACC4C436089}.Debug|Any CPU.ActiveCfg = Debug|Any CPU
		{6697C4A1-C702-4F79-A26A-0ACC4C436089}.Debug|Any CPU.Build.0 = Debug|Any CPU
		{6697C4A1-C702-4F79-A26A-0ACC4C436089}.Release|Any CPU.ActiveCfg = Release|Any CPU
		{6697C4A1-C702-4F79-A26A-0ACC4C436089}.Release|Any CPU.Build.0 = Release|Any CPU
		{E6224803-9B44-4393-AB45-6944B681698B}.Debug|Any CPU.ActiveCfg = Debug|Any CPU
		{E6224803-9B44-4393-AB45-6944B681698B}.Debug|Any CPU.Build.0 = Debug|Any CPU
		{E6224803-9B44-4393-AB45-6944B681698B}.Release|Any CPU.ActiveCfg = Release|Any CPU
		{E6224803-9B44-4393-AB45-6944B681698B}.Release|Any CPU.Build.0 = Release|Any CPU
		{C946CBE7-1DA5-4768-AFF7-13DEFA1BD756}.Debug|Any CPU.ActiveCfg = Debug|Any CPU
		{C946CBE7-1DA5-4768-AFF7-13DEFA1BD756}.Debug|Any CPU.Build.0 = Debug|Any CPU
		{C946CBE7-1DA5-4768-AFF7-13DEFA1BD756}.Release|Any CPU.ActiveCfg = Release|Any CPU
		{C946CBE7-1DA5-4768-AFF7-13DEFA1BD756}.Release|Any CPU.Build.0 = Release|Any CPU
		{CACF57E0-955E-47D2-BE5B-42B452CA0092}.Debug|Any CPU.ActiveCfg = Debug|Any CPU
		{CACF57E0-955E-47D2-BE5B-42B452CA0092}.Debug|Any CPU.Build.0 = Debug|Any CPU
		{CACF57E0-955E-47D2-BE5B-42B452CA0092}.Release|Any CPU.ActiveCfg = Release|Any CPU
		{CACF57E0-955E-47D2-BE5B-42B452CA0092}.Release|Any CPU.Build.0 = Release|Any CPU
		{AD33BD55-4F0A-48DE-9820-467BDCD2CC6D}.Debug|Any CPU.ActiveCfg = Debug|Any CPU
		{AD33BD55-4F0A-48DE-9820-467BDCD2CC6D}.Debug|Any CPU.Build.0 = Debug|Any CPU
		{AD33BD55-4F0A-48DE-9820-467BDCD2CC6D}.Release|Any CPU.ActiveCfg = Release|Any CPU
		{AD33BD55-4F0A-48DE-9820-467BDCD2CC6D}.Release|Any CPU.Build.0 = Release|Any CPU
		{77E10243-54BE-4C60-B2EC-1A8EC19705AF}.Debug|Any CPU.ActiveCfg = Debug|Any CPU
		{77E10243-54BE-4C60-B2EC-1A8EC19705AF}.Debug|Any CPU.Build.0 = Debug|Any CPU
		{77E10243-54BE-4C60-B2EC-1A8EC19705AF}.Release|Any CPU.ActiveCfg = Release|Any CPU
		{77E10243-54BE-4C60-B2EC-1A8EC19705AF}.Release|Any CPU.Build.0 = Release|Any CPU
		{4CE511AB-676E-4980-91ED-993B2A68AE44}.Debug|Any CPU.ActiveCfg = Debug|Any CPU
		{4CE511AB-676E-4980-91ED-993B2A68AE44}.Debug|Any CPU.Build.0 = Debug|Any CPU
		{4CE511AB-676E-4980-91ED-993B2A68AE44}.Release|Any CPU.ActiveCfg = Release|Any CPU
		{4CE511AB-676E-4980-91ED-993B2A68AE44}.Release|Any CPU.Build.0 = Release|Any CPU
		{526310FF-0D22-4893-A4F9-6193575B03E6}.Debug|Any CPU.ActiveCfg = Debug|Any CPU
		{526310FF-0D22-4893-A4F9-6193575B03E6}.Debug|Any CPU.Build.0 = Debug|Any CPU
		{526310FF-0D22-4893-A4F9-6193575B03E6}.Release|Any CPU.ActiveCfg = Release|Any CPU
		{526310FF-0D22-4893-A4F9-6193575B03E6}.Release|Any CPU.Build.0 = Release|Any CPU
		{9A02ED62-C1DA-41FD-9785-00994D7CF593}.Debug|Any CPU.ActiveCfg = Debug|Any CPU
		{9A02ED62-C1DA-41FD-9785-00994D7CF593}.Debug|Any CPU.Build.0 = Debug|Any CPU
		{9A02ED62-C1DA-41FD-9785-00994D7CF593}.Release|Any CPU.ActiveCfg = Release|Any CPU
		{9A02ED62-C1DA-41FD-9785-00994D7CF593}.Release|Any CPU.Build.0 = Release|Any CPU
		{41671F5C-845B-4D7F-B90E-51FBFD312EDC}.Debug|Any CPU.ActiveCfg = Debug|Any CPU
		{41671F5C-845B-4D7F-B90E-51FBFD312EDC}.Debug|Any CPU.Build.0 = Debug|Any CPU
		{41671F5C-845B-4D7F-B90E-51FBFD312EDC}.Release|Any CPU.ActiveCfg = Release|Any CPU
		{41671F5C-845B-4D7F-B90E-51FBFD312EDC}.Release|Any CPU.Build.0 = Release|Any CPU
		{D25A5F3D-297F-4F71-A63A-334BA3D36285}.Debug|Any CPU.ActiveCfg = Debug|Any CPU
		{D25A5F3D-297F-4F71-A63A-334BA3D36285}.Debug|Any CPU.Build.0 = Debug|Any CPU
		{D25A5F3D-297F-4F71-A63A-334BA3D36285}.Release|Any CPU.ActiveCfg = Release|Any CPU
		{D25A5F3D-297F-4F71-A63A-334BA3D36285}.Release|Any CPU.Build.0 = Release|Any CPU
		{A89F24A5-2F64-490D-B18B-8F6F0E6712ED}.Debug|Any CPU.ActiveCfg = Debug|Any CPU
		{A89F24A5-2F64-490D-B18B-8F6F0E6712ED}.Debug|Any CPU.Build.0 = Debug|Any CPU
		{A89F24A5-2F64-490D-B18B-8F6F0E6712ED}.Release|Any CPU.ActiveCfg = Release|Any CPU
		{A89F24A5-2F64-490D-B18B-8F6F0E6712ED}.Release|Any CPU.Build.0 = Release|Any CPU
		{25AFD4F7-5120-4BEB-9CD2-5D92224932C8}.Debug|Any CPU.ActiveCfg = Debug|Any CPU
		{25AFD4F7-5120-4BEB-9CD2-5D92224932C8}.Debug|Any CPU.Build.0 = Debug|Any CPU
		{25AFD4F7-5120-4BEB-9CD2-5D92224932C8}.Release|Any CPU.ActiveCfg = Release|Any CPU
		{25AFD4F7-5120-4BEB-9CD2-5D92224932C8}.Release|Any CPU.Build.0 = Release|Any CPU
		{719CF657-AD3A-41F1-A14C-D61F429C5413}.Debug|Any CPU.ActiveCfg = Debug|Any CPU
		{719CF657-AD3A-41F1-A14C-D61F429C5413}.Debug|Any CPU.Build.0 = Debug|Any CPU
		{719CF657-AD3A-41F1-A14C-D61F429C5413}.Release|Any CPU.ActiveCfg = Release|Any CPU
		{719CF657-AD3A-41F1-A14C-D61F429C5413}.Release|Any CPU.Build.0 = Release|Any CPU
		{40DF2E29-7318-4888-A9A1-1C6DB1950A0F}.Debug|Any CPU.ActiveCfg = Debug|Any CPU
		{40DF2E29-7318-4888-A9A1-1C6DB1950A0F}.Debug|Any CPU.Build.0 = Debug|Any CPU
		{40DF2E29-7318-4888-A9A1-1C6DB1950A0F}.Release|Any CPU.ActiveCfg = Release|Any CPU
		{40DF2E29-7318-4888-A9A1-1C6DB1950A0F}.Release|Any CPU.Build.0 = Release|Any CPU
		{F1FC037F-52B7-40C4-8741-960453250DB3}.Debug|Any CPU.ActiveCfg = Debug|Any CPU
		{F1FC037F-52B7-40C4-8741-960453250DB3}.Debug|Any CPU.Build.0 = Debug|Any CPU
		{F1FC037F-52B7-40C4-8741-960453250DB3}.Release|Any CPU.ActiveCfg = Release|Any CPU
		{F1FC037F-52B7-40C4-8741-960453250DB3}.Release|Any CPU.Build.0 = Release|Any CPU
		{AB8E0ACE-2BA4-4C02-9A20-88EF745CC17D}.Debug|Any CPU.ActiveCfg = Debug|Any CPU
		{AB8E0ACE-2BA4-4C02-9A20-88EF745CC17D}.Debug|Any CPU.Build.0 = Debug|Any CPU
		{AB8E0ACE-2BA4-4C02-9A20-88EF745CC17D}.Release|Any CPU.ActiveCfg = Release|Any CPU
		{AB8E0ACE-2BA4-4C02-9A20-88EF745CC17D}.Release|Any CPU.Build.0 = Release|Any CPU
		{E15552DA-CA4B-4FDD-BCB1-9755CEF7DB53}.Debug|Any CPU.ActiveCfg = Debug|Any CPU
		{E15552DA-CA4B-4FDD-BCB1-9755CEF7DB53}.Debug|Any CPU.Build.0 = Debug|Any CPU
		{E15552DA-CA4B-4FDD-BCB1-9755CEF7DB53}.Release|Any CPU.ActiveCfg = Release|Any CPU
		{E15552DA-CA4B-4FDD-BCB1-9755CEF7DB53}.Release|Any CPU.Build.0 = Release|Any CPU
		{405B6AB5-3D57-49FB-8414-FB75AFBB90E7}.Debug|Any CPU.ActiveCfg = Debug|Any CPU
		{405B6AB5-3D57-49FB-8414-FB75AFBB90E7}.Debug|Any CPU.Build.0 = Debug|Any CPU
		{405B6AB5-3D57-49FB-8414-FB75AFBB90E7}.Release|Any CPU.ActiveCfg = Release|Any CPU
		{405B6AB5-3D57-49FB-8414-FB75AFBB90E7}.Release|Any CPU.Build.0 = Release|Any CPU
		{C8A84D75-D341-4821-AF5C-8B364FE251C2}.Debug|Any CPU.ActiveCfg = Debug|Any CPU
		{C8A84D75-D341-4821-AF5C-8B364FE251C2}.Debug|Any CPU.Build.0 = Debug|Any CPU
		{C8A84D75-D341-4821-AF5C-8B364FE251C2}.Release|Any CPU.ActiveCfg = Release|Any CPU
		{C8A84D75-D341-4821-AF5C-8B364FE251C2}.Release|Any CPU.Build.0 = Release|Any CPU
		{D4C8FC75-D463-4BEC-B525-BAE28466132F}.Debug|Any CPU.ActiveCfg = Debug|Any CPU
		{D4C8FC75-D463-4BEC-B525-BAE28466132F}.Debug|Any CPU.Build.0 = Debug|Any CPU
		{D4C8FC75-D463-4BEC-B525-BAE28466132F}.Release|Any CPU.ActiveCfg = Release|Any CPU
		{D4C8FC75-D463-4BEC-B525-BAE28466132F}.Release|Any CPU.Build.0 = Release|Any CPU
		{4A900609-A0FA-4A29-8FFD-40681BC4B81A}.Debug|Any CPU.ActiveCfg = Debug|Any CPU
		{4A900609-A0FA-4A29-8FFD-40681BC4B81A}.Debug|Any CPU.Build.0 = Debug|Any CPU
		{4A900609-A0FA-4A29-8FFD-40681BC4B81A}.Release|Any CPU.ActiveCfg = Release|Any CPU
		{4A900609-A0FA-4A29-8FFD-40681BC4B81A}.Release|Any CPU.Build.0 = Release|Any CPU
		{DB84F0E8-AF75-4ABF-AF63-E0C7ADC2BFDB}.Debug|Any CPU.ActiveCfg = Debug|Any CPU
		{DB84F0E8-AF75-4ABF-AF63-E0C7ADC2BFDB}.Debug|Any CPU.Build.0 = Debug|Any CPU
		{DB84F0E8-AF75-4ABF-AF63-E0C7ADC2BFDB}.Release|Any CPU.ActiveCfg = Release|Any CPU
		{DB84F0E8-AF75-4ABF-AF63-E0C7ADC2BFDB}.Release|Any CPU.Build.0 = Release|Any CPU
		{405916CF-BA73-470B-B944-1AB35F382F1B}.Debug|Any CPU.ActiveCfg = Debug|Any CPU
		{405916CF-BA73-470B-B944-1AB35F382F1B}.Debug|Any CPU.Build.0 = Debug|Any CPU
		{405916CF-BA73-470B-B944-1AB35F382F1B}.Release|Any CPU.ActiveCfg = Release|Any CPU
		{405916CF-BA73-470B-B944-1AB35F382F1B}.Release|Any CPU.Build.0 = Release|Any CPU
		{4579D5F7-EEB4-4540-BFD5-68C78CB26E4B}.Debug|Any CPU.ActiveCfg = Debug|Any CPU
		{4579D5F7-EEB4-4540-BFD5-68C78CB26E4B}.Debug|Any CPU.Build.0 = Debug|Any CPU
		{4579D5F7-EEB4-4540-BFD5-68C78CB26E4B}.Release|Any CPU.ActiveCfg = Release|Any CPU
		{4579D5F7-EEB4-4540-BFD5-68C78CB26E4B}.Release|Any CPU.Build.0 = Release|Any CPU
		{10DFA21B-E592-4122-8505-FBB5BB2AAB09}.Debug|Any CPU.ActiveCfg = Debug|Any CPU
		{10DFA21B-E592-4122-8505-FBB5BB2AAB09}.Debug|Any CPU.Build.0 = Debug|Any CPU
		{10DFA21B-E592-4122-8505-FBB5BB2AAB09}.Release|Any CPU.ActiveCfg = Release|Any CPU
		{10DFA21B-E592-4122-8505-FBB5BB2AAB09}.Release|Any CPU.Build.0 = Release|Any CPU
		{2960CA9C-8FB7-4834-A974-A644544C55C1}.Debug|Any CPU.ActiveCfg = Debug|Any CPU
		{2960CA9C-8FB7-4834-A974-A644544C55C1}.Debug|Any CPU.Build.0 = Debug|Any CPU
		{2960CA9C-8FB7-4834-A974-A644544C55C1}.Release|Any CPU.ActiveCfg = Release|Any CPU
		{2960CA9C-8FB7-4834-A974-A644544C55C1}.Release|Any CPU.Build.0 = Release|Any CPU
		{6CE0F174-5408-4B6E-AABC-2C0DC56B61CA}.Debug|Any CPU.ActiveCfg = Debug|Any CPU
		{6CE0F174-5408-4B6E-AABC-2C0DC56B61CA}.Debug|Any CPU.Build.0 = Debug|Any CPU
		{6CE0F174-5408-4B6E-AABC-2C0DC56B61CA}.Release|Any CPU.ActiveCfg = Release|Any CPU
		{6CE0F174-5408-4B6E-AABC-2C0DC56B61CA}.Release|Any CPU.Build.0 = Release|Any CPU
		{19381BB6-2A27-4E47-B47C-56F31BC9E1DB}.Debug|Any CPU.ActiveCfg = Debug|Any CPU
		{19381BB6-2A27-4E47-B47C-56F31BC9E1DB}.Debug|Any CPU.Build.0 = Debug|Any CPU
		{19381BB6-2A27-4E47-B47C-56F31BC9E1DB}.Release|Any CPU.ActiveCfg = Release|Any CPU
		{19381BB6-2A27-4E47-B47C-56F31BC9E1DB}.Release|Any CPU.Build.0 = Release|Any CPU
		{4241F7B8-BACA-4288-9C1C-E84F102A2422}.Debug|Any CPU.ActiveCfg = Debug|Any CPU
		{4241F7B8-BACA-4288-9C1C-E84F102A2422}.Debug|Any CPU.Build.0 = Debug|Any CPU
		{4241F7B8-BACA-4288-9C1C-E84F102A2422}.Release|Any CPU.ActiveCfg = Release|Any CPU
		{4241F7B8-BACA-4288-9C1C-E84F102A2422}.Release|Any CPU.Build.0 = Release|Any CPU
		{0BBD3B9C-CB94-4E87-A114-325F91ED9580}.Debug|Any CPU.ActiveCfg = Debug|Any CPU
		{0BBD3B9C-CB94-4E87-A114-325F91ED9580}.Debug|Any CPU.Build.0 = Debug|Any CPU
		{0BBD3B9C-CB94-4E87-A114-325F91ED9580}.Release|Any CPU.ActiveCfg = Release|Any CPU
		{0BBD3B9C-CB94-4E87-A114-325F91ED9580}.Release|Any CPU.Build.0 = Release|Any CPU
		{AD39B257-5EC3-458A-8A62-B900147153AC}.Debug|Any CPU.ActiveCfg = Debug|Any CPU
		{AD39B257-5EC3-458A-8A62-B900147153AC}.Debug|Any CPU.Build.0 = Debug|Any CPU
		{AD39B257-5EC3-458A-8A62-B900147153AC}.Release|Any CPU.ActiveCfg = Release|Any CPU
		{AD39B257-5EC3-458A-8A62-B900147153AC}.Release|Any CPU.Build.0 = Release|Any CPU
		{ED92156E-3E39-47C1-8F88-B26DB274267B}.Debug|Any CPU.ActiveCfg = Debug|Any CPU
		{ED92156E-3E39-47C1-8F88-B26DB274267B}.Debug|Any CPU.Build.0 = Debug|Any CPU
		{ED92156E-3E39-47C1-8F88-B26DB274267B}.Release|Any CPU.ActiveCfg = Release|Any CPU
		{ED92156E-3E39-47C1-8F88-B26DB274267B}.Release|Any CPU.Build.0 = Release|Any CPU
		{D197994C-F0B9-42AF-B01D-81686FC12A5D}.Debug|Any CPU.ActiveCfg = Debug|Any CPU
		{D197994C-F0B9-42AF-B01D-81686FC12A5D}.Debug|Any CPU.Build.0 = Debug|Any CPU
		{D197994C-F0B9-42AF-B01D-81686FC12A5D}.Release|Any CPU.ActiveCfg = Release|Any CPU
		{D197994C-F0B9-42AF-B01D-81686FC12A5D}.Release|Any CPU.Build.0 = Release|Any CPU
		{E3B150F6-7971-4D64-9EEE-30930C343F83}.Debug|Any CPU.ActiveCfg = Debug|Any CPU
		{E3B150F6-7971-4D64-9EEE-30930C343F83}.Debug|Any CPU.Build.0 = Debug|Any CPU
		{E3B150F6-7971-4D64-9EEE-30930C343F83}.Release|Any CPU.ActiveCfg = Release|Any CPU
		{E3B150F6-7971-4D64-9EEE-30930C343F83}.Release|Any CPU.Build.0 = Release|Any CPU
		{CC9D2D83-A93D-4C68-9D9C-8096EDCB1499}.Debug|Any CPU.ActiveCfg = Debug|Any CPU
		{CC9D2D83-A93D-4C68-9D9C-8096EDCB1499}.Debug|Any CPU.Build.0 = Debug|Any CPU
		{CC9D2D83-A93D-4C68-9D9C-8096EDCB1499}.Release|Any CPU.ActiveCfg = Release|Any CPU
		{CC9D2D83-A93D-4C68-9D9C-8096EDCB1499}.Release|Any CPU.Build.0 = Release|Any CPU
		{5ECB821F-3284-4E72-8F77-C99B89577169}.Debug|Any CPU.ActiveCfg = Debug|Any CPU
		{5ECB821F-3284-4E72-8F77-C99B89577169}.Debug|Any CPU.Build.0 = Debug|Any CPU
		{5ECB821F-3284-4E72-8F77-C99B89577169}.Release|Any CPU.ActiveCfg = Release|Any CPU
		{5ECB821F-3284-4E72-8F77-C99B89577169}.Release|Any CPU.Build.0 = Release|Any CPU
	EndGlobalSection
	GlobalSection(SolutionProperties) = preSolution
		HideSolutionNode = FALSE
	EndGlobalSection
	GlobalSection(NestedProjects) = preSolution
		{3ABB7B53-78F2-4E84-957F-3A1D4CD3DF9C} = {F9D2337D-93EE-4E04-80E8-E98B4E1FC9B6}
		{32C1FEED-124B-47F1-B014-131A4F7F4CBD} = {F9D2337D-93EE-4E04-80E8-E98B4E1FC9B6}
		{8CCB42BD-42CA-41BD-BA83-725E356399E9} = {F9D2337D-93EE-4E04-80E8-E98B4E1FC9B6}
		{73F8948D-3539-4408-B44F-F9A9D562AA62} = {F9D2337D-93EE-4E04-80E8-E98B4E1FC9B6}
		{1C1C7D61-5D95-44FE-B433-D0E815393946} = {F9D2337D-93EE-4E04-80E8-E98B4E1FC9B6}
		{2A317D4E-87AA-4EB2-B018-A1919C922ADE} = {F9D2337D-93EE-4E04-80E8-E98B4E1FC9B6}
		{77D325B4-6838-405E-94C4-97F4CC3A58AB} = {F9D2337D-93EE-4E04-80E8-E98B4E1FC9B6}
		{EC50343E-5A0F-4D20-85E5-5911F9F60046} = {15230BF4-2524-43B5-9759-89F96C6C3A19}
		{BC8D3FB8-D5E4-46C0-A526-D4D36A1EC84C} = {15230BF4-2524-43B5-9759-89F96C6C3A19}
		{D05F5506-743D-49D4-803D-0D250210BE06} = {F9D2337D-93EE-4E04-80E8-E98B4E1FC9B6}
		{627A6CF8-5A0F-4404-B7B6-3C6BEBD59036} = {F9D2337D-93EE-4E04-80E8-E98B4E1FC9B6}
		{6697C4A1-C702-4F79-A26A-0ACC4C436089} = {F9D2337D-93EE-4E04-80E8-E98B4E1FC9B6}
		{E6224803-9B44-4393-AB45-6944B681698B} = {F9D2337D-93EE-4E04-80E8-E98B4E1FC9B6}
		{C946CBE7-1DA5-4768-AFF7-13DEFA1BD756} = {F9D2337D-93EE-4E04-80E8-E98B4E1FC9B6}
		{CACF57E0-955E-47D2-BE5B-42B452CA0092} = {F9D2337D-93EE-4E04-80E8-E98B4E1FC9B6}
		{AD33BD55-4F0A-48DE-9820-467BDCD2CC6D} = {F9D2337D-93EE-4E04-80E8-E98B4E1FC9B6}
		{77E10243-54BE-4C60-B2EC-1A8EC19705AF} = {F9D2337D-93EE-4E04-80E8-E98B4E1FC9B6}
		{4CE511AB-676E-4980-91ED-993B2A68AE44} = {F9D2337D-93EE-4E04-80E8-E98B4E1FC9B6}
		{526310FF-0D22-4893-A4F9-6193575B03E6} = {F9D2337D-93EE-4E04-80E8-E98B4E1FC9B6}
		{9A02ED62-C1DA-41FD-9785-00994D7CF593} = {15230BF4-2524-43B5-9759-89F96C6C3A19}
		{41671F5C-845B-4D7F-B90E-51FBFD312EDC} = {15230BF4-2524-43B5-9759-89F96C6C3A19}
		{D25A5F3D-297F-4F71-A63A-334BA3D36285} = {F9D2337D-93EE-4E04-80E8-E98B4E1FC9B6}
		{A89F24A5-2F64-490D-B18B-8F6F0E6712ED} = {F9D2337D-93EE-4E04-80E8-E98B4E1FC9B6}
		{25AFD4F7-5120-4BEB-9CD2-5D92224932C8} = {F9D2337D-93EE-4E04-80E8-E98B4E1FC9B6}
		{719CF657-AD3A-41F1-A14C-D61F429C5413} = {F9D2337D-93EE-4E04-80E8-E98B4E1FC9B6}
		{40DF2E29-7318-4888-A9A1-1C6DB1950A0F} = {F9D2337D-93EE-4E04-80E8-E98B4E1FC9B6}
		{F1FC037F-52B7-40C4-8741-960453250DB3} = {F9D2337D-93EE-4E04-80E8-E98B4E1FC9B6}
		{AB8E0ACE-2BA4-4C02-9A20-88EF745CC17D} = {F9D2337D-93EE-4E04-80E8-E98B4E1FC9B6}
		{E15552DA-CA4B-4FDD-BCB1-9755CEF7DB53} = {15230BF4-2524-43B5-9759-89F96C6C3A19}
		{405B6AB5-3D57-49FB-8414-FB75AFBB90E7} = {F9D2337D-93EE-4E04-80E8-E98B4E1FC9B6}
		{C8A84D75-D341-4821-AF5C-8B364FE251C2} = {F9D2337D-93EE-4E04-80E8-E98B4E1FC9B6}
		{D4C8FC75-D463-4BEC-B525-BAE28466132F} = {F9D2337D-93EE-4E04-80E8-E98B4E1FC9B6}
		{4A900609-A0FA-4A29-8FFD-40681BC4B81A} = {F9D2337D-93EE-4E04-80E8-E98B4E1FC9B6}
		{DB84F0E8-AF75-4ABF-AF63-E0C7ADC2BFDB} = {F9D2337D-93EE-4E04-80E8-E98B4E1FC9B6}
		{405916CF-BA73-470B-B944-1AB35F382F1B} = {F9D2337D-93EE-4E04-80E8-E98B4E1FC9B6}
		{4579D5F7-EEB4-4540-BFD5-68C78CB26E4B} = {15230BF4-2524-43B5-9759-89F96C6C3A19}
		{10DFA21B-E592-4122-8505-FBB5BB2AAB09} = {F9D2337D-93EE-4E04-80E8-E98B4E1FC9B6}
		{2960CA9C-8FB7-4834-A974-A644544C55C1} = {F9D2337D-93EE-4E04-80E8-E98B4E1FC9B6}
		{6CE0F174-5408-4B6E-AABC-2C0DC56B61CA} = {F9D2337D-93EE-4E04-80E8-E98B4E1FC9B6}
		{19381BB6-2A27-4E47-B47C-56F31BC9E1DB} = {15230BF4-2524-43B5-9759-89F96C6C3A19}
		{4241F7B8-BACA-4288-9C1C-E84F102A2422} = {F9D2337D-93EE-4E04-80E8-E98B4E1FC9B6}
		{0BBD3B9C-CB94-4E87-A114-325F91ED9580} = {F9D2337D-93EE-4E04-80E8-E98B4E1FC9B6}
		{AD39B257-5EC3-458A-8A62-B900147153AC} = {F9D2337D-93EE-4E04-80E8-E98B4E1FC9B6}
		{ED92156E-3E39-47C1-8F88-B26DB274267B} = {F9D2337D-93EE-4E04-80E8-E98B4E1FC9B6}
		{D197994C-F0B9-42AF-B01D-81686FC12A5D} = {F9D2337D-93EE-4E04-80E8-E98B4E1FC9B6}
		{E3B150F6-7971-4D64-9EEE-30930C343F83} = {F9D2337D-93EE-4E04-80E8-E98B4E1FC9B6}
		{CC9D2D83-A93D-4C68-9D9C-8096EDCB1499} = {F9D2337D-93EE-4E04-80E8-E98B4E1FC9B6}
		{5ECB821F-3284-4E72-8F77-C99B89577169} = {F9D2337D-93EE-4E04-80E8-E98B4E1FC9B6}
	EndGlobalSection
	GlobalSection(ExtensibilityGlobals) = postSolution
		SolutionGuid = {FAA17E6F-03AC-435D-ADCE-2FDB598D1726}
	EndGlobalSection
EndGlobal
