
Microsoft Visual Studio Solution File, Format Version 12.00
# Visual Studio Version 17
VisualStudioVersion = 17.0.32014.148
MinimumVisualStudioVersion = 10.0.40219.1
Project("{9A19103F-16F7-4668-BE54-9A1E7A4F7556}") = "NetCore.Identity", "NetCore.Identity\NetCore.Identity.csproj", "{310C3DFD-9CF1-439C-9FBB-899E13C406F4}"
EndProject
Project("{9A19103F-16F7-4668-BE54-9A1E7A4F7556}") = "NetCore.EntityFramework", "NetCore.EntityFramework\NetCore.EntityFramework.csproj", "{2E61A496-938F-402D-B0B0-AC702F17B714}"
EndProject
Project("{9A19103F-16F7-4668-BE54-9A1E7A4F7556}") = "StokTakip.EntityFramework", "StokTakip\StokTakip.EntityFramework\StokTakip.EntityFramework.csproj", "{BBAAFD73-7FC8-44CC-B8CB-607F42128E00}"
EndProject
Project("{2150E333-8FDC-42A3-9474-1A3956D46DE8}") = "StokTakip", "StokTakip", "{F6DABB41-6C43-4B8B-8773-7B31A64E059F}"
EndProject
Project("{9A19103F-16F7-4668-BE54-9A1E7A4F7556}") = "NetCore.Abstraction", "NetCore.Abstraction\NetCore.Abstraction.csproj", "{13621376-0547-4231-85E7-3B27D662E5D3}"
EndProject
Project("{9A19103F-16F7-4668-BE54-9A1E7A4F7556}") = "NetCore.Repository", "NetCore.Repository\NetCore.Repository.csproj", "{3ABB7B53-78F2-4E84-957F-3A1D4CD3DF9C}"
EndProject
Project("{9A19103F-16F7-4668-BE54-9A1E7A4F7556}") = "NetCore.MongoDB", "NetCore.MongoDB\NetCore.MongoDB.csproj", "{32C1FEED-124B-47F1-B014-131A4F7F4CBD}"
EndProject
Project("{9A19103F-16F7-4668-BE54-9A1E7A4F7556}") = "StokTakip.Model", "StokTakip\StokTakip.Model\StokTakip.Model.csproj", "{69200730-3842-42CA-BAB1-FDC03E5C5A40}"
EndProject
Project("{9A19103F-16F7-4668-BE54-9A1E7A4F7556}") = "NetCore.Gateway", "NetCore.Gateway\NetCore.Gateway.csproj", "{89F02660-CC21-4ADC-81A4-C4FFAAA58845}"
EndProject
Project("{9A19103F-16F7-4668-BE54-9A1E7A4F7556}") = "StokTakip.Service", "StokTakip\StokTakip.Service\StokTakip.Service.csproj", "{33274610-B28E-4FA2-8C3D-E0AF20F3E1A8}"
EndProject
Project("{9A19103F-16F7-4668-BE54-9A1E7A4F7556}") = "StokTakip.Abstraction", "StokTakip\StokTakip.Abstraction\StokTakip.Abstraction.csproj", "{0216DC6C-930B-44E9-BA57-5E5C9E9B282E}"
EndProject
Project("{9A19103F-16F7-4668-BE54-9A1E7A4F7556}") = "StokTakip.Repository", "StokTakip\StokTakip.Repository\StokTakip.Repository.csproj", "{2B06231F-5B80-418E-95DD-0BDFF4F02998}"
EndProject
Project("{9A19103F-16F7-4668-BE54-9A1E7A4F7556}") = "NetCore.Cache", "NetCore.Cache\NetCore.Cache.csproj", "{A8FEA345-104C-4F64-A0BE-2FEEA201B6AD}"
EndProject
Project("{2150E333-8FDC-42A3-9474-1A3956D46DE8}") = "API", "API", "{5434F0EE-F292-46EF-9B8E-1CA6ECC33C2B}"
EndProject
Project("{9A19103F-16F7-4668-BE54-9A1E7A4F7556}") = "StokTakip.Product.Api", "StokTakip\StokTakip.Product.Api\StokTakip.Product.Api.csproj", "{14D0685C-57C5-467E-9318-3594C5ADD723}"
EndProject
Project("{9A19103F-16F7-4668-BE54-9A1E7A4F7556}") = "StokTakip.Campaign.Api", "StokTakip\StokTakip.Campaign.Api\StokTakip.Campaign.Api.csproj", "{EB184B7E-1739-4FBA-B306-72ACE48F686D}"
EndProject
Project("{9A19103F-16F7-4668-BE54-9A1E7A4F7556}") = "NetCore.Core", "NetCore.Core\NetCore.Core.csproj", "{8CCB42BD-42CA-41BD-BA83-725E356399E9}"
EndProject
Project("{9A19103F-16F7-4668-BE54-9A1E7A4F7556}") = "StokTakip.Customer.Api", "StokTakip\StokTakip.Customer.Api\StokTakip.Customer.Api.csproj", "{4FD6D17E-01FB-493C-A7F2-3ED35B42E8F5}"
EndProject
Project("{9A19103F-16F7-4668-BE54-9A1E7A4F7556}") = "NetCore.Logging", "NetCore.Logging\NetCore.Logging.csproj", "{73F8948D-3539-4408-B44F-F9A9D562AA62}"
EndProject
Project("{9A19103F-16F7-4668-BE54-9A1E7A4F7556}") = "NetCore.ExceptionHandling", "NetCore.ExceptionHandling\NetCore.ExceptionHandling.csproj", "{1C1C7D61-5D95-44FE-B433-D0E815393946}"
EndProject
Project("{9A19103F-16F7-4668-BE54-9A1E7A4F7556}") = "NetCore.Redis", "NetCore.Redis\NetCore.Redis.csproj", "{2A317D4E-87AA-4EB2-B018-A1919C922ADE}"
EndProject
Project("{9A19103F-16F7-4668-BE54-9A1E7A4F7556}") = "NetCore.RabbitMQ", "NetCore.RabbitMQ\NetCore.RabbitMQ.csproj", "{77D325B4-6838-405E-94C4-97F4CC3A58AB}"
EndProject
Project("{2150E333-8FDC-42A3-9474-1A3956D46DE8}") = "Test", "Test", "{15230BF4-2524-43B5-9759-89F96C6C3A19}"
EndProject
Project("{2150E333-8FDC-42A3-9474-1A3956D46DE8}") = "src", "src", "{F9D2337D-93EE-4E04-80E8-E98B4E1FC9B6}"
EndProject
Project("{9A19103F-16F7-4668-BE54-9A1E7A4F7556}") = "NetCore.Repository.Tests", "NetCore.Repository.Tests\NetCore.Repository.Tests.csproj", "{EC50343E-5A0F-4D20-85E5-5911F9F60046}"
EndProject
Project("{9A19103F-16F7-4668-BE54-9A1E7A4F7556}") = "NetCore.Core.Tests", "NetCore.Core.Tests\NetCore.Core.Tests.csproj", "{BC8D3FB8-D5E4-46C0-A526-D4D36A1EC84C}"
EndProject
Project("{FAE04EC0-301F-11D3-BF4B-00C04F79EFBC}") = "StokTakip.Contract", "StokTakip.Contract\StokTakip.Contract.csproj", "{31152801-A8FF-4B45-B19C-BA10673454BC}"
EndProject
Global
	GlobalSection(SolutionConfigurationPlatforms) = preSolution
		Debug|Any CPU = Debug|Any CPU
		Release|Any CPU = Release|Any CPU
	EndGlobalSection
	GlobalSection(ProjectConfigurationPlatforms) = postSolution
		{310C3DFD-9CF1-439C-9FBB-899E13C406F4}.Debug|Any CPU.ActiveCfg = Debug|Any CPU
		{310C3DFD-9CF1-439C-9FBB-899E13C406F4}.Debug|Any CPU.Build.0 = Debug|Any CPU
		{310C3DFD-9CF1-439C-9FBB-899E13C406F4}.Release|Any CPU.ActiveCfg = Release|Any CPU
		{310C3DFD-9CF1-439C-9FBB-899E13C406F4}.Release|Any CPU.Build.0 = Release|Any CPU
		{2E61A496-938F-402D-B0B0-AC702F17B714}.Debug|Any CPU.ActiveCfg = Debug|Any CPU
		{2E61A496-938F-402D-B0B0-AC702F17B714}.Debug|Any CPU.Build.0 = Debug|Any CPU
		{2E61A496-938F-402D-B0B0-AC702F17B714}.Release|Any CPU.ActiveCfg = Release|Any CPU
		{2E61A496-938F-402D-B0B0-AC702F17B714}.Release|Any CPU.Build.0 = Release|Any CPU
		{BBAAFD73-7FC8-44CC-B8CB-607F42128E00}.Debug|Any CPU.ActiveCfg = Debug|Any CPU
		{BBAAFD73-7FC8-44CC-B8CB-607F42128E00}.Debug|Any CPU.Build.0 = Debug|Any CPU
		{BBAAFD73-7FC8-44CC-B8CB-607F42128E00}.Release|Any CPU.ActiveCfg = Release|Any CPU
		{BBAAFD73-7FC8-44CC-B8CB-607F42128E00}.Release|Any CPU.Build.0 = Release|Any CPU
		{13621376-0547-4231-85E7-3B27D662E5D3}.Debug|Any CPU.ActiveCfg = Debug|Any CPU
		{13621376-0547-4231-85E7-3B27D662E5D3}.Debug|Any CPU.Build.0 = Debug|Any CPU
		{13621376-0547-4231-85E7-3B27D662E5D3}.Release|Any CPU.ActiveCfg = Release|Any CPU
		{13621376-0547-4231-85E7-3B27D662E5D3}.Release|Any CPU.Build.0 = Release|Any CPU
		{3ABB7B53-78F2-4E84-957F-3A1D4CD3DF9C}.Debug|Any CPU.ActiveCfg = Debug|Any CPU
		{3ABB7B53-78F2-4E84-957F-3A1D4CD3DF9C}.Debug|Any CPU.Build.0 = Debug|Any CPU
		{3ABB7B53-78F2-4E84-957F-3A1D4CD3DF9C}.Release|Any CPU.ActiveCfg = Release|Any CPU
		{3ABB7B53-78F2-4E84-957F-3A1D4CD3DF9C}.Release|Any CPU.Build.0 = Release|Any CPU
		{32C1FEED-124B-47F1-B014-131A4F7F4CBD}.Debug|Any CPU.ActiveCfg = Debug|Any CPU
		{32C1FEED-124B-47F1-B014-131A4F7F4CBD}.Debug|Any CPU.Build.0 = Debug|Any CPU
		{32C1FEED-124B-47F1-B014-131A4F7F4CBD}.Release|Any CPU.ActiveCfg = Release|Any CPU
		{32C1FEED-124B-47F1-B014-131A4F7F4CBD}.Release|Any CPU.Build.0 = Release|Any CPU
		{69200730-3842-42CA-BAB1-FDC03E5C5A40}.Debug|Any CPU.ActiveCfg = Debug|Any CPU
		{69200730-3842-42CA-BAB1-FDC03E5C5A40}.Debug|Any CPU.Build.0 = Debug|Any CPU
		{69200730-3842-42CA-BAB1-FDC03E5C5A40}.Release|Any CPU.ActiveCfg = Release|Any CPU
		{69200730-3842-42CA-BAB1-FDC03E5C5A40}.Release|Any CPU.Build.0 = Release|Any CPU
		{89F02660-CC21-4ADC-81A4-C4FFAAA58845}.Debug|Any CPU.ActiveCfg = Debug|Any CPU
		{89F02660-CC21-4ADC-81A4-C4FFAAA58845}.Debug|Any CPU.Build.0 = Debug|Any CPU
		{89F02660-CC21-4ADC-81A4-C4FFAAA58845}.Release|Any CPU.ActiveCfg = Release|Any CPU
		{89F02660-CC21-4ADC-81A4-C4FFAAA58845}.Release|Any CPU.Build.0 = Release|Any CPU
		{33274610-B28E-4FA2-8C3D-E0AF20F3E1A8}.Debug|Any CPU.ActiveCfg = Debug|Any CPU
		{33274610-B28E-4FA2-8C3D-E0AF20F3E1A8}.Debug|Any CPU.Build.0 = Debug|Any CPU
		{33274610-B28E-4FA2-8C3D-E0AF20F3E1A8}.Release|Any CPU.ActiveCfg = Release|Any CPU
		{33274610-B28E-4FA2-8C3D-E0AF20F3E1A8}.Release|Any CPU.Build.0 = Release|Any CPU
		{0216DC6C-930B-44E9-BA57-5E5C9E9B282E}.Debug|Any CPU.ActiveCfg = Debug|Any CPU
		{0216DC6C-930B-44E9-BA57-5E5C9E9B282E}.Debug|Any CPU.Build.0 = Debug|Any CPU
		{0216DC6C-930B-44E9-BA57-5E5C9E9B282E}.Release|Any CPU.ActiveCfg = Release|Any CPU
		{0216DC6C-930B-44E9-BA57-5E5C9E9B282E}.Release|Any CPU.Build.0 = Release|Any CPU
		{2B06231F-5B80-418E-95DD-0BDFF4F02998}.Debug|Any CPU.ActiveCfg = Debug|Any CPU
		{2B06231F-5B80-418E-95DD-0BDFF4F02998}.Debug|Any CPU.Build.0 = Debug|Any CPU
		{2B06231F-5B80-418E-95DD-0BDFF4F02998}.Release|Any CPU.ActiveCfg = Release|Any CPU
		{2B06231F-5B80-418E-95DD-0BDFF4F02998}.Release|Any CPU.Build.0 = Release|Any CPU
		{A8FEA345-104C-4F64-A0BE-2FEEA201B6AD}.Debug|Any CPU.ActiveCfg = Debug|Any CPU
		{A8FEA345-104C-4F64-A0BE-2FEEA201B6AD}.Debug|Any CPU.Build.0 = Debug|Any CPU
		{A8FEA345-104C-4F64-A0BE-2FEEA201B6AD}.Release|Any CPU.ActiveCfg = Release|Any CPU
		{A8FEA345-104C-4F64-A0BE-2FEEA201B6AD}.Release|Any CPU.Build.0 = Release|Any CPU
		{14D0685C-57C5-467E-9318-3594C5ADD723}.Debug|Any CPU.ActiveCfg = Debug|Any CPU
		{14D0685C-57C5-467E-9318-3594C5ADD723}.Debug|Any CPU.Build.0 = Debug|Any CPU
		{14D0685C-57C5-467E-9318-3594C5ADD723}.Release|Any CPU.ActiveCfg = Release|Any CPU
		{14D0685C-57C5-467E-9318-3594C5ADD723}.Release|Any CPU.Build.0 = Release|Any CPU
		{EB184B7E-1739-4FBA-B306-72ACE48F686D}.Debug|Any CPU.ActiveCfg = Debug|Any CPU
		{EB184B7E-1739-4FBA-B306-72ACE48F686D}.Debug|Any CPU.Build.0 = Debug|Any CPU
		{EB184B7E-1739-4FBA-B306-72ACE48F686D}.Release|Any CPU.ActiveCfg = Release|Any CPU
		{EB184B7E-1739-4FBA-B306-72ACE48F686D}.Release|Any CPU.Build.0 = Release|Any CPU
		{8CCB42BD-42CA-41BD-BA83-725E356399E9}.Debug|Any CPU.ActiveCfg = Debug|Any CPU
		{8CCB42BD-42CA-41BD-BA83-725E356399E9}.Debug|Any CPU.Build.0 = Debug|Any CPU
		{8CCB42BD-42CA-41BD-BA83-725E356399E9}.Release|Any CPU.ActiveCfg = Release|Any CPU
		{8CCB42BD-42CA-41BD-BA83-725E356399E9}.Release|Any CPU.Build.0 = Release|Any CPU
		{4FD6D17E-01FB-493C-A7F2-3ED35B42E8F5}.Debug|Any CPU.ActiveCfg = Debug|Any CPU
		{4FD6D17E-01FB-493C-A7F2-3ED35B42E8F5}.Debug|Any CPU.Build.0 = Debug|Any CPU
		{4FD6D17E-01FB-493C-A7F2-3ED35B42E8F5}.Release|Any CPU.ActiveCfg = Release|Any CPU
		{4FD6D17E-01FB-493C-A7F2-3ED35B42E8F5}.Release|Any CPU.Build.0 = Release|Any CPU
		{73F8948D-3539-4408-B44F-F9A9D562AA62}.Debug|Any CPU.ActiveCfg = Debug|Any CPU
		{73F8948D-3539-4408-B44F-F9A9D562AA62}.Debug|Any CPU.Build.0 = Debug|Any CPU
		{73F8948D-3539-4408-B44F-F9A9D562AA62}.Release|Any CPU.ActiveCfg = Release|Any CPU
		{73F8948D-3539-4408-B44F-F9A9D562AA62}.Release|Any CPU.Build.0 = Release|Any CPU
		{1C1C7D61-5D95-44FE-B433-D0E815393946}.Debug|Any CPU.ActiveCfg = Debug|Any CPU
		{1C1C7D61-5D95-44FE-B433-D0E815393946}.Debug|Any CPU.Build.0 = Debug|Any CPU
		{1C1C7D61-5D95-44FE-B433-D0E815393946}.Release|Any CPU.ActiveCfg = Release|Any CPU
		{1C1C7D61-5D95-44FE-B433-D0E815393946}.Release|Any CPU.Build.0 = Release|Any CPU
		{2A317D4E-87AA-4EB2-B018-A1919C922ADE}.Debug|Any CPU.ActiveCfg = Debug|Any CPU
		{2A317D4E-87AA-4EB2-B018-A1919C922ADE}.Debug|Any CPU.Build.0 = Debug|Any CPU
		{2A317D4E-87AA-4EB2-B018-A1919C922ADE}.Release|Any CPU.ActiveCfg = Release|Any CPU
		{2A317D4E-87AA-4EB2-B018-A1919C922ADE}.Release|Any CPU.Build.0 = Release|Any CPU
		{77D325B4-6838-405E-94C4-97F4CC3A58AB}.Debug|Any CPU.ActiveCfg = Debug|Any CPU
		{77D325B4-6838-405E-94C4-97F4CC3A58AB}.Debug|Any CPU.Build.0 = Debug|Any CPU
		{77D325B4-6838-405E-94C4-97F4CC3A58AB}.Release|Any CPU.ActiveCfg = Release|Any CPU
		{77D325B4-6838-405E-94C4-97F4CC3A58AB}.Release|Any CPU.Build.0 = Release|Any CPU
		{EC50343E-5A0F-4D20-85E5-5911F9F60046}.Debug|Any CPU.ActiveCfg = Debug|Any CPU
		{EC50343E-5A0F-4D20-85E5-5911F9F60046}.Debug|Any CPU.Build.0 = Debug|Any CPU
		{EC50343E-5A0F-4D20-85E5-5911F9F60046}.Release|Any CPU.ActiveCfg = Release|Any CPU
		{EC50343E-5A0F-4D20-85E5-5911F9F60046}.Release|Any CPU.Build.0 = Release|Any CPU
		{BC8D3FB8-D5E4-46C0-A526-D4D36A1EC84C}.Debug|Any CPU.ActiveCfg = Debug|Any CPU
		{BC8D3FB8-D5E4-46C0-A526-D4D36A1EC84C}.Debug|Any CPU.Build.0 = Debug|Any CPU
		{BC8D3FB8-D5E4-46C0-A526-D4D36A1EC84C}.Release|Any CPU.ActiveCfg = Release|Any CPU
		{BC8D3FB8-D5E4-46C0-A526-D4D36A1EC84C}.Release|Any CPU.Build.0 = Release|Any CPU
		{31152801-A8FF-4B45-B19C-BA10673454BC}.Debug|Any CPU.ActiveCfg = Debug|Any CPU
		{31152801-A8FF-4B45-B19C-BA10673454BC}.Debug|Any CPU.Build.0 = Debug|Any CPU
		{31152801-A8FF-4B45-B19C-BA10673454BC}.Release|Any CPU.ActiveCfg = Release|Any CPU
		{31152801-A8FF-4B45-B19C-BA10673454BC}.Release|Any CPU.Build.0 = Release|Any CPU
	EndGlobalSection
	GlobalSection(SolutionProperties) = preSolution
		HideSolutionNode = FALSE
	EndGlobalSection
	GlobalSection(NestedProjects) = preSolution
		{310C3DFD-9CF1-439C-9FBB-899E13C406F4} = {F9D2337D-93EE-4E04-80E8-E98B4E1FC9B6}
		{2E61A496-938F-402D-B0B0-AC702F17B714} = {F9D2337D-93EE-4E04-80E8-E98B4E1FC9B6}
		{BBAAFD73-7FC8-44CC-B8CB-607F42128E00} = {F6DABB41-6C43-4B8B-8773-7B31A64E059F}
		{F6DABB41-6C43-4B8B-8773-7B31A64E059F} = {F9D2337D-93EE-4E04-80E8-E98B4E1FC9B6}
		{13621376-0547-4231-85E7-3B27D662E5D3} = {F9D2337D-93EE-4E04-80E8-E98B4E1FC9B6}
		{3ABB7B53-78F2-4E84-957F-3A1D4CD3DF9C} = {F9D2337D-93EE-4E04-80E8-E98B4E1FC9B6}
		{32C1FEED-124B-47F1-B014-131A4F7F4CBD} = {F9D2337D-93EE-4E04-80E8-E98B4E1FC9B6}
		{69200730-3842-42CA-BAB1-FDC03E5C5A40} = {F6DABB41-6C43-4B8B-8773-7B31A64E059F}
		{89F02660-CC21-4ADC-81A4-C4FFAAA58845} = {F9D2337D-93EE-4E04-80E8-E98B4E1FC9B6}
		{33274610-B28E-4FA2-8C3D-E0AF20F3E1A8} = {F6DABB41-6C43-4B8B-8773-7B31A64E059F}
		{0216DC6C-930B-44E9-BA57-5E5C9E9B282E} = {F6DABB41-6C43-4B8B-8773-7B31A64E059F}
		{2B06231F-5B80-418E-95DD-0BDFF4F02998} = {F6DABB41-6C43-4B8B-8773-7B31A64E059F}
		{A8FEA345-104C-4F64-A0BE-2FEEA201B6AD} = {F9D2337D-93EE-4E04-80E8-E98B4E1FC9B6}
		{5434F0EE-F292-46EF-9B8E-1CA6ECC33C2B} = {F6DABB41-6C43-4B8B-8773-7B31A64E059F}
		{14D0685C-57C5-467E-9318-3594C5ADD723} = {5434F0EE-F292-46EF-9B8E-1CA6ECC33C2B}
		{EB184B7E-1739-4FBA-B306-72ACE48F686D} = {5434F0EE-F292-46EF-9B8E-1CA6ECC33C2B}
		{8CCB42BD-42CA-41BD-BA83-725E356399E9} = {F9D2337D-93EE-4E04-80E8-E98B4E1FC9B6}
		{4FD6D17E-01FB-493C-A7F2-3ED35B42E8F5} = {5434F0EE-F292-46EF-9B8E-1CA6ECC33C2B}
		{73F8948D-3539-4408-B44F-F9A9D562AA62} = {F9D2337D-93EE-4E04-80E8-E98B4E1FC9B6}
		{1C1C7D61-5D95-44FE-B433-D0E815393946} = {F9D2337D-93EE-4E04-80E8-E98B4E1FC9B6}
		{2A317D4E-87AA-4EB2-B018-A1919C922ADE} = {F9D2337D-93EE-4E04-80E8-E98B4E1FC9B6}
		{77D325B4-6838-405E-94C4-97F4CC3A58AB} = {F9D2337D-93EE-4E04-80E8-E98B4E1FC9B6}
		{EC50343E-5A0F-4D20-85E5-5911F9F60046} = {15230BF4-2524-43B5-9759-89F96C6C3A19}
		{BC8D3FB8-D5E4-46C0-A526-D4D36A1EC84C} = {15230BF4-2524-43B5-9759-89F96C6C3A19}
		{31152801-A8FF-4B45-B19C-BA10673454BC} = {F6DABB41-6C43-4B8B-8773-7B31A64E059F}
	EndGlobalSection
	GlobalSection(ExtensibilityGlobals) = postSolution
		SolutionGuid = {FAA17E6F-03AC-435D-ADCE-2FDB598D1726}
	EndGlobalSection
EndGlobal
